{
  "requires": true,
  "lockfileVersion": 1,
  "dependencies": {
    "@types/node": {
      "version": "10.5.4",
      "resolved": "https://registry.npmjs.org/@types/node/-/node-10.5.4.tgz",
      "integrity": "sha512-8TqvB0ReZWwtcd3LXq3YSrBoLyXFgBX/sBZfGye9+YS8zH7/g+i6QRIuiDmwBoTzcQ/pk89nZYTYU4c5akKkzw=="
    },
    "@types/tesseract.js": {
      "version": "0.0.2",
      "resolved": "https://registry.npmjs.org/@types/tesseract.js/-/tesseract.js-0.0.2.tgz",
      "integrity": "sha1-0mjz+YJC4qmjPDCXuc5zIju5WZY=",
      "requires": {
        "@types/node": "10.5.4"
      }
    }
  }
}
